
Microsoft Visual Studio Solution File, Format Version 12.00
# Visual Studio Version 17
VisualStudioVersion = 17.2.32616.157
MinimumVisualStudioVersion = 10.0.40219.1
Project("{FAE04EC0-301F-11D3-BF4B-00C04F79EFBC}") = "RockPaperScisors", "RockPaperScisors\RockPaperScisors.csproj", "{0A589AAC-39A4-403F-A1F8-4C7FD3188694}"
EndProject
Global
	GlobalSection(SolutionConfigurationPlatforms) = preSolution
		Debug|Any CPU = Debug|Any CPU
		Release|Any CPU = Release|Any CPU
	EndGlobalSection
	GlobalSection(ProjectConfigurationPlatforms) = postSolution
		{0A589AAC-39A4-403F-A1F8-4C7FD3188694}.Debug|Any CPU.ActiveCfg = Debug|Any CPU
		{0A589AAC-39A4-403F-A1F8-4C7FD3188694}.Debug|Any CPU.Build.0 = Debug|Any CPU
		{0A589AAC-39A4-403F-A1F8-4C7FD3188694}.Release|Any CPU.ActiveCfg = Release|Any CPU
		{0A589AAC-39A4-403F-A1F8-4C7FD3188694}.Release|Any CPU.Build.0 = Release|Any CPU
	EndGlobalSection
	GlobalSection(SolutionProperties) = preSolution
		HideSolutionNode = FALSE
	EndGlobalSection
	GlobalSection(ExtensibilityGlobals) = postSolution
		SolutionGuid = {C0A577C8-F2FC-4FD3-9F55-224CF20B2A02}
	EndGlobalSection
EndGlobal
